// !$*UTF8*$!
{
	archiveVersion = 1;
	classes = {
	};
	objectVersion = 56;
	objects = {

/* Begin PBXBuildFile section */
		19B159072A8CA1D000FF716A /* ToDoListApp.swift in Sources */ = {isa = PBXBuildFile; fileRef = 19B159062A8CA1D000FF716A /* ToDoListApp.swift */; };
		19B159092A8CA1D000FF716A /* ContentView.swift in Sources */ = {isa = PBXBuildFile; fileRef = 19B159082A8CA1D000FF716A /* ContentView.swift */; };
		19B1590B2A8CA1D300FF716A /* Assets.xcassets in Resources */ = {isa = PBXBuildFile; fileRef = 19B1590A2A8CA1D300FF716A /* Assets.xcassets */; };
		19B1590E2A8CA1D300FF716A /* Preview Assets.xcassets in Resources */ = {isa = PBXBuildFile; fileRef = 19B1590D2A8CA1D300FF716A /* Preview Assets.xcassets */; };
		19B159152A8CAB9400FF716A /* TasksView.swift in Sources */ = {isa = PBXBuildFile; fileRef = 19B159142A8CAB9400FF716A /* TasksView.swift */; };
		19B159192A8CAD1B00FF716A /* TaskRow.swift in Sources */ = {isa = PBXBuildFile; fileRef = 19B159182A8CAD1B00FF716A /* TaskRow.swift */; };
		19B1591B2A8CAE4600FF716A /* AddTaskView.swift in Sources */ = {isa = PBXBuildFile; fileRef = 19B1591A2A8CAE4600FF716A /* AddTaskView.swift */; };
		19B1591D2A8DF56700FF716A /* SmallAddButton.swift in Sources */ = {isa = PBXBuildFile; fileRef = 19B1591C2A8DF56700FF716A /* SmallAddButton.swift */; };
		19B159202A8DF97200FF716A /* Realm in Frameworks */ = {isa = PBXBuildFile; productRef = 19B1591F2A8DF97200FF716A /* Realm */; };
		19B159222A8DF97200FF716A /* RealmSwift in Frameworks */ = {isa = PBXBuildFile; productRef = 19B159212A8DF97200FF716A /* RealmSwift */; };
		19B159242A8DFA4600FF716A /* RealmManager.swift in Sources */ = {isa = PBXBuildFile; fileRef = 19B159232A8DFA4600FF716A /* RealmManager.swift */; };
		19B159262A8ECD6F00FF716A /* Task.swift in Sources */ = {isa = PBXBuildFile; fileRef = 19B159252A8ECD6F00FF716A /* Task.swift */; };
/* End PBXBuildFile section */

/* Begin PBXFileReference section */
		19B159032A8CA1D000FF716A /* ToDoList.app */ = {isa = PBXFileReference; explicitFileType = wrapper.application; includeInIndex = 0; path = ToDoList.app; sourceTree = BUILT_PRODUCTS_DIR; };
		19B159062A8CA1D000FF716A /* ToDoListApp.swift */ = {isa = PBXFileReference; lastKnownFileType = sourcecode.swift; path = ToDoListApp.swift; sourceTree = "<group>"; };
		19B159082A8CA1D000FF716A /* ContentView.swift */ = {isa = PBXFileReference; lastKnownFileType = sourcecode.swift; path = ContentView.swift; sourceTree = "<group>"; };
		19B1590A2A8CA1D300FF716A /* Assets.xcassets */ = {isa = PBXFileReference; lastKnownFileType = folder.assetcatalog; path = Assets.xcassets; sourceTree = "<group>"; };
		19B1590D2A8CA1D300FF716A /* Preview Assets.xcassets */ = {isa = PBXFileReference; lastKnownFileType = folder.assetcatalog; path = "Preview Assets.xcassets"; sourceTree = "<group>"; };
		19B159142A8CAB9400FF716A /* TasksView.swift */ = {isa = PBXFileReference; lastKnownFileType = sourcecode.swift; path = TasksView.swift; sourceTree = "<group>"; };
		19B159182A8CAD1B00FF716A /* TaskRow.swift */ = {isa = PBXFileReference; lastKnownFileType = sourcecode.swift; path = TaskRow.swift; sourceTree = "<group>"; };
		19B1591A2A8CAE4600FF716A /* AddTaskView.swift */ = {isa = PBXFileReference; lastKnownFileType = sourcecode.swift; path = AddTaskView.swift; sourceTree = "<group>"; };
		19B1591C2A8DF56700FF716A /* SmallAddButton.swift */ = {isa = PBXFileReference; lastKnownFileType = sourcecode.swift; path = SmallAddButton.swift; sourceTree = "<group>"; };
		19B159232A8DFA4600FF716A /* RealmManager.swift */ = {isa = PBXFileReference; lastKnownFileType = sourcecode.swift; path = RealmManager.swift; sourceTree = "<group>"; };
		19B159252A8ECD6F00FF716A /* Task.swift */ = {isa = PBXFileReference; lastKnownFileType = sourcecode.swift; path = Task.swift; sourceTree = "<group>"; };
/* End PBXFileReference section */

/* Begin PBXFrameworksBuildPhase section */
		19B159002A8CA1D000FF716A /* Frameworks */ = {
			isa = PBXFrameworksBuildPhase;
			buildActionMask = 2147483647;
			files = (
				19B159222A8DF97200FF716A /* RealmSwift in Frameworks */,
				19B159202A8DF97200FF716A /* Realm in Frameworks */,
			);
			runOnlyForDeploymentPostprocessing = 0;
		};
/* End PBXFrameworksBuildPhase section */

/* Begin PBXGroup section */
		19B158FA2A8CA1D000FF716A = {
			isa = PBXGroup;
			children = (
				19B159052A8CA1D000FF716A /* ToDoList */,
				19B159042A8CA1D000FF716A /* Products */,
			);
			sourceTree = "<group>";
		};
		19B159042A8CA1D000FF716A /* Products */ = {
			isa = PBXGroup;
			children = (
				19B159032A8CA1D000FF716A /* ToDoList.app */,
			);
			name = Products;
			sourceTree = "<group>";
		};
		19B159052A8CA1D000FF716A /* ToDoList */ = {
			isa = PBXGroup;
			children = (
				19B159172A8CAD0100FF716A /* Components */,
				19B159162A8CABA200FF716A /* Views */,
				19B159062A8CA1D000FF716A /* ToDoListApp.swift */,
				19B1590A2A8CA1D300FF716A /* Assets.xcassets */,
				19B1590C2A8CA1D300FF716A /* Preview Content */,
				19B159232A8DFA4600FF716A /* RealmManager.swift */,
				19B159252A8ECD6F00FF716A /* Task.swift */,
			);
			path = ToDoList;
			sourceTree = "<group>";
		};
		19B1590C2A8CA1D300FF716A /* Preview Content */ = {
			isa = PBXGroup;
			children = (
				19B1590D2A8CA1D300FF716A /* Preview Assets.xcassets */,
			);
			path = "Preview Content";
			sourceTree = "<group>";
		};
		19B159162A8CABA200FF716A /* Views */ = {
			isa = PBXGroup;
			children = (
				19B159082A8CA1D000FF716A /* ContentView.swift */,
				19B159142A8CAB9400FF716A /* TasksView.swift */,
				19B1591A2A8CAE4600FF716A /* AddTaskView.swift */,
			);
			path = Views;
			sourceTree = "<group>";
		};
		19B159172A8CAD0100FF716A /* Components */ = {
			isa = PBXGroup;
			children = (
				19B159182A8CAD1B00FF716A /* TaskRow.swift */,
				19B1591C2A8DF56700FF716A /* SmallAddButton.swift */,
			);
			path = Components;
			sourceTree = "<group>";
		};
/* End PBXGroup section */

/* Begin PBXNativeTarget section */
		19B159022A8CA1D000FF716A /* ToDoList */ = {
			isa = PBXNativeTarget;
			buildConfigurationList = 19B159112A8CA1D300FF716A /* Build configuration list for PBXNativeTarget "ToDoList" */;
			buildPhases = (
				19B158FF2A8CA1D000FF716A /* Sources */,
				19B159002A8CA1D000FF716A /* Frameworks */,
				19B159012A8CA1D000FF716A /* Resources */,
			);
			buildRules = (
			);
			dependencies = (
			);
			name = ToDoList;
			packageProductDependencies = (
				19B1591F2A8DF97200FF716A /* Realm */,
				19B159212A8DF97200FF716A /* RealmSwift */,
			);
			productName = ToDoList;
			productReference = 19B159032A8CA1D000FF716A /* ToDoList.app */;
			productType = "com.apple.product-type.application";
		};
/* End PBXNativeTarget section */

/* Begin PBXProject section */
		19B158FB2A8CA1D000FF716A /* Project object */ = {
			isa = PBXProject;
			attributes = {
				BuildIndependentTargetsInParallel = 1;
				LastSwiftUpdateCheck = 1430;
				LastUpgradeCheck = 1430;
				TargetAttributes = {
					19B159022A8CA1D000FF716A = {
						CreatedOnToolsVersion = 14.3.1;
					};
				};
			};
			buildConfigurationList = 19B158FE2A8CA1D000FF716A /* Build configuration list for PBXProject "ToDoList" */;
			compatibilityVersion = "Xcode 14.0";
			developmentRegion = en;
			hasScannedForEncodings = 0;
			knownRegions = (
				en,
				Base,
			);
			mainGroup = 19B158FA2A8CA1D000FF716A;
			packageReferences = (
				19B1591E2A8DF97200FF716A /* XCRemoteSwiftPackageReference "realm-cocoa" */,
			);
			productRefGroup = 19B159042A8CA1D000FF716A /* Products */;
			projectDirPath = "";
			projectRoot = "";
			targets = (
				19B159022A8CA1D000FF716A /* ToDoList */,
			);
		};
/* End PBXProject section */

/* Begin PBXResourcesBuildPhase section */
		19B159012A8CA1D000FF716A /* Resources */ = {
			isa = PBXResourcesBuildPhase;
			buildActionMask = 2147483647;
			files = (
				19B1590E2A8CA1D300FF716A /* Preview Assets.xcassets in Resources */,
				19B1590B2A8CA1D300FF716A /* Assets.xcassets in Resources */,
			);
			runOnlyForDeploymentPostprocessing = 0;
		};
/* End PBXResourcesBuildPhase section */

/* Begin PBXSourcesBuildPhase section */
		19B158FF2A8CA1D000FF716A /* Sources */ = {
			isa = PBXSourcesBuildPhase;
			buildActionMask = 2147483647;
			files = (
				19B159262A8ECD6F00FF716A /* Task.swift in Sources */,
				19B159092A8CA1D000FF716A /* ContentView.swift in Sources */,
				19B1591B2A8CAE4600FF716A /* AddTaskView.swift in Sources */,
				19B159152A8CAB9400FF716A /* TasksView.swift in Sources */,
				19B1591D2A8DF56700FF716A /* SmallAddButton.swift in Sources */,
				19B159072A8CA1D000FF716A /* ToDoListApp.swift in Sources */,
				19B159242A8DFA4600FF716A /* RealmManager.swift in Sources */,
				19B159192A8CAD1B00FF716A /* TaskRow.swift in Sources */,
			);
			runOnlyForDeploymentPostprocessing = 0;
		};
/* End PBXSourcesBuildPhase section */

/* Begin XCBuildConfiguration section */
		19B1590F2A8CA1D300FF716A /* Debug */ = {
			isa = XCBuildConfiguration;
			buildSettings = {
				ALWAYS_SEARCH_USER_PATHS = NO;
				CLANG_ANALYZER_NONNULL = YES;
				CLANG_ANALYZER_NUMBER_OBJECT_CONVERSION = YES_AGGRESSIVE;
				CLANG_CXX_LANGUAGE_STANDARD = "gnu++20";
				CLANG_ENABLE_MODULES = YES;
				CLANG_ENABLE_OBJC_ARC = YES;
				CLANG_ENABLE_OBJC_WEAK = YES;
				CLANG_WARN_BLOCK_CAPTURE_AUTORELEASING = YES;
				CLANG_WARN_BOOL_CONVERSION = YES;
				CLANG_WARN_COMMA = YES;
				CLANG_WARN_CONSTANT_CONVERSION = YES;
				CLANG_WARN_DEPRECATED_OBJC_IMPLEMENTATIONS = YES;
				CLANG_WARN_DIRECT_OBJC_ISA_USAGE = YES_ERROR;
				CLANG_WARN_DOCUMENTATION_COMMENTS = YES;
				CLANG_WARN_EMPTY_BODY = YES;
				CLANG_WARN_ENUM_CONVERSION = YES;
				CLANG_WARN_INFINITE_RECURSION = YES;
				CLANG_WARN_INT_CONVERSION = YES;
				CLANG_WARN_NON_LITERAL_NULL_CONVERSION = YES;
				CLANG_WARN_OBJC_IMPLICIT_RETAIN_SELF = YES;
				CLANG_WARN_OBJC_LITERAL_CONVERSION = YES;
				CLANG_WARN_OBJC_ROOT_CLASS = YES_ERROR;
				CLANG_WARN_QUOTED_INCLUDE_IN_FRAMEWORK_HEADER = YES;
				CLANG_WARN_RANGE_LOOP_ANALYSIS = YES;
				CLANG_WARN_STRICT_PROTOTYPES = YES;
				CLANG_WARN_SUSPICIOUS_MOVE = YES;
				CLANG_WARN_UNGUARDED_AVAILABILITY = YES_AGGRESSIVE;
				CLANG_WARN_UNREACHABLE_CODE = YES;
				CLANG_WARN__DUPLICATE_METHOD_MATCH = YES;
				COPY_PHASE_STRIP = NO;
				DEBUG_INFORMATION_FORMAT = dwarf;
				ENABLE_STRICT_OBJC_MSGSEND = YES;
				ENABLE_TESTABILITY = YES;
				GCC_C_LANGUAGE_STANDARD = gnu11;
				GCC_DYNAMIC_NO_PIC = NO;
				GCC_NO_COMMON_BLOCKS = YES;
				GCC_OPTIMIZATION_LEVEL = 0;
				GCC_PREPROCESSOR_DEFINITIONS = (
					"DEBUG=1",
					"$(inherited)",
				);
				GCC_WARN_64_TO_32_BIT_CONVERSION = YES;
				GCC_WARN_ABOUT_RETURN_TYPE = YES_ERROR;
				GCC_WARN_UNDECLARED_SELECTOR = YES;
				GCC_WARN_UNINITIALIZED_AUTOS = YES_AGGRESSIVE;
				GCC_WARN_UNUSED_FUNCTION = YES;
				GCC_WARN_UNUSED_VARIABLE = YES;
				IPHONEOS_DEPLOYMENT_TARGET = 16.4;
				MTL_ENABLE_DEBUG_INFO = INCLUDE_SOURCE;
				MTL_FAST_MATH = YES;
				ONLY_ACTIVE_ARCH = YES;
				SDKROOT = iphoneos;
				SWIFT_ACTIVE_COMPILATION_CONDITIONS = DEBUG;
				SWIFT_OPTIMIZATION_LEVEL = "-Onone";
			};
			name = Debug;
		};
		19B159102A8CA1D300FF716A /* Release */ = {
			isa = XCBuildConfiguration;
			buildSettings = {
				ALWAYS_SEARCH_USER_PATHS = NO;
				CLANG_ANALYZER_NONNULL = YES;
				CLANG_ANALYZER_NUMBER_OBJECT_CONVERSION = YES_AGGRESSIVE;
				CLANG_CXX_LANGUAGE_STANDARD = "gnu++20";
				CLANG_ENABLE_MODULES = YES;
				CLANG_ENABLE_OBJC_ARC = YES;
				CLANG_ENABLE_OBJC_WEAK = YES;
				CLANG_WARN_BLOCK_CAPTURE_AUTORELEASING = YES;
				CLANG_WARN_BOOL_CONVERSION = YES;
				CLANG_WARN_COMMA = YES;
				CLANG_WARN_CONSTANT_CONVERSION = YES;
				CLANG_WARN_DEPRECATED_OBJC_IMPLEMENTATIONS = YES;
				CLANG_WARN_DIRECT_OBJC_ISA_USAGE = YES_ERROR;
				CLANG_WARN_DOCUMENTATION_COMMENTS = YES;
				CLANG_WARN_EMPTY_BODY = YES;
				CLANG_WARN_ENUM_CONVERSION = YES;
				CLANG_WARN_INFINITE_RECURSION = YES;
				CLANG_WARN_INT_CONVERSION = YES;
				CLANG_WARN_NON_LITERAL_NULL_CONVERSION = YES;
				CLANG_WARN_OBJC_IMPLICIT_RETAIN_SELF = YES;
				CLANG_WARN_OBJC_LITERAL_CONVERSION = YES;
				CLANG_WARN_OBJC_ROOT_CLASS = YES_ERROR;
				CLANG_WARN_QUOTED_INCLUDE_IN_FRAMEWORK_HEADER = YES;
				CLANG_WARN_RANGE_LOOP_ANALYSIS = YES;
				CLANG_WARN_STRICT_PROTOTYPES = YES;
				CLANG_WARN_SUSPICIOUS_MOVE = YES;
				CLANG_WARN_UNGUARDED_AVAILABILITY = YES_AGGRESSIVE;
				CLANG_WARN_UNREACHABLE_CODE = YES;
				CLANG_WARN__DUPLICATE_METHOD_MATCH = YES;
				COPY_PHASE_STRIP = NO;
				DEBUG_INFORMATION_FORMAT = "dwarf-with-dsym";
				ENABLE_NS_ASSERTIONS = NO;
				ENABLE_STRICT_OBJC_MSGSEND = YES;
				GCC_C_LANGUAGE_STANDARD = gnu11;
				GCC_NO_COMMON_BLOCKS = YES;
				GCC_WARN_64_TO_32_BIT_CONVERSION = YES;
				GCC_WARN_ABOUT_RETURN_TYPE = YES_ERROR;
				GCC_WARN_UNDECLARED_SELECTOR = YES;
				GCC_WARN_UNINITIALIZED_AUTOS = YES_AGGRESSIVE;
				GCC_WARN_UNUSED_FUNCTION = YES;
				GCC_WARN_UNUSED_VARIABLE = YES;
				IPHONEOS_DEPLOYMENT_TARGET = 16.4;
				MTL_ENABLE_DEBUG_INFO = NO;
				MTL_FAST_MATH = YES;
				SDKROOT = iphoneos;
				SWIFT_COMPILATION_MODE = wholemodule;
				SWIFT_OPTIMIZATION_LEVEL = "-O";
				VALIDATE_PRODUCT = YES;
			};
			name = Release;
		};
		19B159122A8CA1D300FF716A /* Debug */ = {
			isa = XCBuildConfiguration;
			buildSettings = {
				ASSETCATALOG_COMPILER_APPICON_NAME = AppIcon;
				ASSETCATALOG_COMPILER_GLOBAL_ACCENT_COLOR_NAME = AccentColor;
				CODE_SIGN_STYLE = Automatic;
				CURRENT_PROJECT_VERSION = 1;
				DEVELOPMENT_ASSET_PATHS = "\"ToDoList/Preview Content\"";
				ENABLE_PREVIEWS = YES;
				GENERATE_INFOPLIST_FILE = YES;
				INFOPLIST_KEY_UIApplicationSceneManifest_Generation = YES;
				INFOPLIST_KEY_UIApplicationSupportsIndirectInputEvents = YES;
				INFOPLIST_KEY_UILaunchScreen_Generation = YES;
				INFOPLIST_KEY_UISupportedInterfaceOrientations_iPad = "UIInterfaceOrientationPortrait UIInterfaceOrientationPortraitUpsideDown UIInterfaceOrientationLandscapeLeft UIInterfaceOrientationLandscapeRight";
				INFOPLIST_KEY_UISupportedInterfaceOrientations_iPhone = "UIInterfaceOrientationPortrait UIInterfaceOrientationLandscapeLeft UIInterfaceOrientationLandscapeRight";
				LD_RUNPATH_SEARCH_PATHS = (
					"$(inherited)",
					"@executable_path/Frameworks",
				);
				MARKETING_VERSION = 1.0;
				PRODUCT_BUNDLE_IDENTIFIER = jae.ToDoList;
				PRODUCT_NAME = "$(TARGET_NAME)";
				SWIFT_EMIT_LOC_STRINGS = YES;
				SWIFT_VERSION = 5.0;
				TARGETED_DEVICE_FAMILY = "1,2";
			};
			name = Debug;
		};
		19B159132A8CA1D300FF716A /* Release */ = {
			isa = XCBuildConfiguration;
			buildSettings = {
				ASSETCATALOG_COMPILER_APPICON_NAME = AppIcon;
				ASSETCATALOG_COMPILER_GLOBAL_ACCENT_COLOR_NAME = AccentColor;
				CODE_SIGN_STYLE = Automatic;
				CURRENT_PROJECT_VERSION = 1;
				DEVELOPMENT_ASSET_PATHS = "\"ToDoList/Preview Content\"";
				ENABLE_PREVIEWS = YES;
				GENERATE_INFOPLIST_FILE = YES;
				INFOPLIST_KEY_UIApplicationSceneManifest_Generation = YES;
				INFOPLIST_KEY_UIApplicationSupportsIndirectInputEvents = YES;
				INFOPLIST_KEY_UILaunchScreen_Generation = YES;
				INFOPLIST_KEY_UISupportedInterfaceOrientations_iPad = "UIInterfaceOrientationPortrait UIInterfaceOrientationPortraitUpsideDown UIInterfaceOrientationLandscapeLeft UIInterfaceOrientationLandscapeRight";
				INFOPLIST_KEY_UISupportedInterfaceOrientations_iPhone = "UIInterfaceOrientationPortrait UIInterfaceOrientationLandscapeLeft UIInterfaceOrientationLandscapeRight";
				LD_RUNPATH_SEARCH_PATHS = (
					"$(inherited)",
					"@executable_path/Frameworks",
				);
				MARKETING_VERSION = 1.0;
				PRODUCT_BUNDLE_IDENTIFIER = jae.ToDoList;
				PRODUCT_NAME = "$(TARGET_NAME)";
				SWIFT_EMIT_LOC_STRINGS = YES;
				SWIFT_VERSION = 5.0;
				TARGETED_DEVICE_FAMILY = "1,2";
			};
			name = Release;
		};
/* End XCBuildConfiguration section */

/* Begin XCConfigurationList section */
		19B158FE2A8CA1D000FF716A /* Build configuration list for PBXProject "ToDoList" */ = {
			isa = XCConfigurationList;
			buildConfigurations = (
				19B1590F2A8CA1D300FF716A /* Debug */,
				19B159102A8CA1D300FF716A /* Release */,
			);
			defaultConfigurationIsVisible = 0;
			defaultConfigurationName = Release;
		};
		19B159112A8CA1D300FF716A /* Build configuration list for PBXNativeTarget "ToDoList" */ = {
			isa = XCConfigurationList;
			buildConfigurations = (
				19B159122A8CA1D300FF716A /* Debug */,
				19B159132A8CA1D300FF716A /* Release */,
			);
			defaultConfigurationIsVisible = 0;
			defaultConfigurationName = Release;
		};
/* End XCConfigurationList section */

/* Begin XCRemoteSwiftPackageReference section */
		19B1591E2A8DF97200FF716A /* XCRemoteSwiftPackageReference "realm-cocoa" */ = {
			isa = XCRemoteSwiftPackageReference;
			repositoryURL = "https://github.com/realm/realm-cocoa";
			requirement = {
				kind = upToNextMajorVersion;
				minimumVersion = 10.10.0;
			};
		};
/* End XCRemoteSwiftPackageReference section */

/* Begin XCSwiftPackageProductDependency section */
		19B1591F2A8DF97200FF716A /* Realm */ = {
			isa = XCSwiftPackageProductDependency;
			package = 19B1591E2A8DF97200FF716A /* XCRemoteSwiftPackageReference "realm-cocoa" */;
			productName = Realm;
		};
		19B159212A8DF97200FF716A /* RealmSwift */ = {
			isa = XCSwiftPackageProductDependency;
			package = 19B1591E2A8DF97200FF716A /* XCRemoteSwiftPackageReference "realm-cocoa" */;
			productName = RealmSwift;
		};
/* End XCSwiftPackageProductDependency section */
	};
	rootObject = 19B158FB2A8CA1D000FF716A /* Project object */;
}
